// !$*UTF8*$!
{
	archiveVersion = 1;
	classes = {
	};
	objectVersion = 46;
	objects = {

/* Begin PBXBuildFile section */
		619D2F8A1567C5CC00225366 /* Reachability.m in Sources */ = {isa = PBXBuildFile; fileRef = 619D2F801567C5CC00225366 /* Reachability.m */; };
		619D2F8D1567F20F00225366 /* QuartzCore.framework in Frameworks */ = {isa = PBXBuildFile; fileRef = 619D2F8C1567F20F00225366 /* QuartzCore.framework */; };
		619D2F931567F23400225366 /* SystemConfiguration.framework in Frameworks */ = {isa = PBXBuildFile; fileRef = 619D2F921567F23400225366 /* SystemConfiguration.framework */; };
		619D2F951567F23F00225366 /* CFNetwork.framework in Frameworks */ = {isa = PBXBuildFile; fileRef = 619D2F941567F23F00225366 /* CFNetwork.framework */; };
		619D2FC11568237100225366 /* sg_seg1_down.png in Resources */ = {isa = PBXBuildFile; fileRef = 619D2FB91568237100225366 /* sg_seg1_down.png */; };
		619D2FC21568237100225366 /* sg_seg1_down@2x.png in Resources */ = {isa = PBXBuildFile; fileRef = 619D2FBA1568237100225366 /* sg_seg1_down@2x.png */; };
		619D2FC31568237100225366 /* sg_seg1_up.png in Resources */ = {isa = PBXBuildFile; fileRef = 619D2FBB1568237100225366 /* sg_seg1_up.png */; };
		619D2FC41568237100225366 /* sg_seg1_up@2x.png in Resources */ = {isa = PBXBuildFile; fileRef = 619D2FBC1568237100225366 /* sg_seg1_up@2x.png */; };
		619D2FC51568237100225366 /* sg_seg2_down.png in Resources */ = {isa = PBXBuildFile; fileRef = 619D2FBD1568237100225366 /* sg_seg2_down.png */; };
		619D2FC61568237100225366 /* sg_seg2_down@2x.png in Resources */ = {isa = PBXBuildFile; fileRef = 619D2FBE1568237100225366 /* sg_seg2_down@2x.png */; };
		619D2FC71568237100225366 /* sg_seg2_up.png in Resources */ = {isa = PBXBuildFile; fileRef = 619D2FBF1568237100225366 /* sg_seg2_up.png */; };
		619D2FC81568237100225366 /* sg_seg2_up@2x.png in Resources */ = {isa = PBXBuildFile; fileRef = 619D2FC01568237100225366 /* sg_seg2_up@2x.png */; };
		619D2FCB156829B500225366 /* ge_pullBG.png in Resources */ = {isa = PBXBuildFile; fileRef = 619D2FC9156829B500225366 /* ge_pullBG.png */; };
		619D2FCC156829B500225366 /* ge_pullBG@2x.png in Resources */ = {isa = PBXBuildFile; fileRef = 619D2FCA156829B500225366 /* ge_pullBG@2x.png */; };
		619D2FCF15682A0D00225366 /* ge_arrow.png in Resources */ = {isa = PBXBuildFile; fileRef = 619D2FCD15682A0D00225366 /* ge_arrow.png */; };
		619D2FD015682A0D00225366 /* ge_arrow@2x.png in Resources */ = {isa = PBXBuildFile; fileRef = 619D2FCE15682A0D00225366 /* ge_arrow@2x.png */; };
		619D2FD51568372E00225366 /* ge_topShaddow.png in Resources */ = {isa = PBXBuildFile; fileRef = 619D2FD31568372E00225366 /* ge_topShaddow.png */; };
		619D2FD61568372E00225366 /* ge_topShaddow@2x.png in Resources */ = {isa = PBXBuildFile; fileRef = 619D2FD41568372E00225366 /* ge_topShaddow@2x.png */; };
		619D2FDE156845D600225366 /* my_navBarLogo.png in Resources */ = {isa = PBXBuildFile; fileRef = 619D2FDC156845D600225366 /* my_navBarLogo.png */; };
		619D2FDF156845D600225366 /* my_navBarLogo@2x.png in Resources */ = {isa = PBXBuildFile; fileRef = 619D2FDD156845D600225366 /* my_navBarLogo@2x.png */; };
		619D2FE61568463D00225366 /* ab_navBarLogo.png in Resources */ = {isa = PBXBuildFile; fileRef = 619D2FE11568463D00225366 /* ab_navBarLogo.png */; };
		619D2FE71568463D00225366 /* ab_navBarLogo@2x.png in Resources */ = {isa = PBXBuildFile; fileRef = 619D2FE21568463D00225366 /* ab_navBarLogo@2x.png */; };
		619D2FE81568463D00225366 /* se_navBarLogo.png in Resources */ = {isa = PBXBuildFile; fileRef = 619D2FE41568463D00225366 /* se_navBarLogo.png */; };
		619D2FE91568463D00225366 /* se_navBarLogo@2x.png in Resources */ = {isa = PBXBuildFile; fileRef = 619D2FE51568463D00225366 /* se_navBarLogo@2x.png */; };
		619D30D215685C2C00225366 /* Security.framework in Frameworks */ = {isa = PBXBuildFile; fileRef = 619D30D115685C2C00225366 /* Security.framework */; };
		619D30D415685C3500225366 /* MessageUI.framework in Frameworks */ = {isa = PBXBuildFile; fileRef = 619D30D315685C3500225366 /* MessageUI.framework */; };
		619D30DE1568620600225366 /* sh_BG.png in Resources */ = {isa = PBXBuildFile; fileRef = 619D30D61568620600225366 /* sh_BG.png */; };
		619D30DF1568620600225366 /* sh_BG@2x.png in Resources */ = {isa = PBXBuildFile; fileRef = 619D30D71568620600225366 /* sh_BG@2x.png */; };
		619D30E01568620600225366 /* sh_mail.png in Resources */ = {isa = PBXBuildFile; fileRef = 619D30D81568620600225366 /* sh_mail.png */; };
		619D30E11568620600225366 /* sh_mail@2x.png in Resources */ = {isa = PBXBuildFile; fileRef = 619D30D91568620600225366 /* sh_mail@2x.png */; };
		619D30E21568620600225366 /* sh_star.png in Resources */ = {isa = PBXBuildFile; fileRef = 619D30DA1568620600225366 /* sh_star.png */; };
		619D30E31568620600225366 /* sh_star@2x.png in Resources */ = {isa = PBXBuildFile; fileRef = 619D30DB1568620600225366 /* sh_star@2x.png */; };
		619D30E41568620600225366 /* sh_twitter.png in Resources */ = {isa = PBXBuildFile; fileRef = 619D30DC1568620600225366 /* sh_twitter.png */; };
		619D30E51568620600225366 /* sh_twitter@2x.png in Resources */ = {isa = PBXBuildFile; fileRef = 619D30DD1568620600225366 /* sh_twitter@2x.png */; };
		619D30E91568638300225366 /* HomeTableCell.m in Sources */ = {isa = PBXBuildFile; fileRef = 619D30E81568638300225366 /* HomeTableCell.m */; };
		619ED78A156AEF0500CDC3C8 /* hm_likeButton.png in Resources */ = {isa = PBXBuildFile; fileRef = 619ED788156AEF0500CDC3C8 /* hm_likeButton.png */; };
		619ED78B156AEF0500CDC3C8 /* hm_likeButton@2x.png in Resources */ = {isa = PBXBuildFile; fileRef = 619ED789156AEF0500CDC3C8 /* hm_likeButton@2x.png */; };
		619ED78F156AEFE700CDC3C8 /* hm_commentButton.png in Resources */ = {isa = PBXBuildFile; fileRef = 619ED78D156AEFE700CDC3C8 /* hm_commentButton.png */; };
		619ED790156AEFE700CDC3C8 /* hm_commentButton@2x.png in Resources */ = {isa = PBXBuildFile; fileRef = 619ED78E156AEFE700CDC3C8 /* hm_commentButton@2x.png */; };
		619ED793156AF76000CDC3C8 /* hm_viewsCount.png in Resources */ = {isa = PBXBuildFile; fileRef = 619ED791156AF76000CDC3C8 /* hm_viewsCount.png */; };
		619ED794156AF76000CDC3C8 /* hm_viewsCount@2x.png in Resources */ = {isa = PBXBuildFile; fileRef = 619ED792156AF76000CDC3C8 /* hm_viewsCount@2x.png */; };
		619ED797156AF78800CDC3C8 /* hm_favsCount.png in Resources */ = {isa = PBXBuildFile; fileRef = 619ED795156AF78800CDC3C8 /* hm_favsCount.png */; };
		619ED798156AF78800CDC3C8 /* hm_favsCount@2x.png in Resources */ = {isa = PBXBuildFile; fileRef = 619ED796156AF78800CDC3C8 /* hm_favsCount@2x.png */; };
		619ED79B156AF7D000CDC3C8 /* hm_viewProfile.png in Resources */ = {isa = PBXBuildFile; fileRef = 619ED799156AF7D000CDC3C8 /* hm_viewProfile.png */; };
		619ED79C156AF7D000CDC3C8 /* hm_viewProfile@2x.png in Resources */ = {isa = PBXBuildFile; fileRef = 619ED79A156AF7D000CDC3C8 /* hm_viewProfile@2x.png */; };
		619ED7A1156B016E00CDC3C8 /* vd_playButton.png in Resources */ = {isa = PBXBuildFile; fileRef = 619ED79D156B016E00CDC3C8 /* vd_playButton.png */; };
		619ED7A2156B016E00CDC3C8 /* vd_playButton@2x.png in Resources */ = {isa = PBXBuildFile; fileRef = 619ED79E156B016E00CDC3C8 /* vd_playButton@2x.png */; };
		619ED7A3156B016E00CDC3C8 /* vd_videoOverlay.png in Resources */ = {isa = PBXBuildFile; fileRef = 619ED79F156B016E00CDC3C8 /* vd_videoOverlay.png */; };
		619ED7A4156B016E00CDC3C8 /* vd_videoOverlay@2x.png in Resources */ = {isa = PBXBuildFile; fileRef = 619ED7A0156B016E00CDC3C8 /* vd_videoOverlay@2x.png */; };
		619ED7A7156B052E00CDC3C8 /* vd_sampleVideo.png in Resources */ = {isa = PBXBuildFile; fileRef = 619ED7A5156B052E00CDC3C8 /* vd_sampleVideo.png */; };
		619ED7A8156B052E00CDC3C8 /* vd_sampleVideo@2x.png in Resources */ = {isa = PBXBuildFile; fileRef = 619ED7A6156B052E00CDC3C8 /* vd_sampleVideo@2x.png */; };
		61A03DE3156A6E870093BF89 /* lg_background.png in Resources */ = {isa = PBXBuildFile; fileRef = 61A03DE1156A6E870093BF89 /* lg_background.png */; };
		61A03DE4156A6E870093BF89 /* lg_background@2x.png in Resources */ = {isa = PBXBuildFile; fileRef = 61A03DE2156A6E870093BF89 /* lg_background@2x.png */; };
		61A03DEE156A78A00093BF89 /* lg_logIn.png in Resources */ = {isa = PBXBuildFile; fileRef = 61A03DEA156A78A00093BF89 /* lg_logIn.png */; };
		61A03DEF156A78A00093BF89 /* lg_logIn@2x.png in Resources */ = {isa = PBXBuildFile; fileRef = 61A03DEB156A78A00093BF89 /* lg_logIn@2x.png */; };
		61A03DF0156A78A00093BF89 /* lg_register.png in Resources */ = {isa = PBXBuildFile; fileRef = 61A03DEC156A78A00093BF89 /* lg_register.png */; };
		61A03DF1156A78A00093BF89 /* lg_register@2x.png in Resources */ = {isa = PBXBuildFile; fileRef = 61A03DED156A78A00093BF89 /* lg_register@2x.png */; };
		61A03DF4156A7CA80093BF89 /* IntroLogInProcess.m in Sources */ = {isa = PBXBuildFile; fileRef = 61A03DF3156A7CA80093BF89 /* IntroLogInProcess.m */; };
		61A03DF7156A7DD80093BF89 /* lg_backgroundClear.png in Resources */ = {isa = PBXBuildFile; fileRef = 61A03DF5156A7DD80093BF89 /* lg_backgroundClear.png */; };
		61A03DF8156A7DD80093BF89 /* lg_backgroundClear@2x.png in Resources */ = {isa = PBXBuildFile; fileRef = 61A03DF6156A7DD80093BF89 /* lg_backgroundClear@2x.png */; };
		61A03DFB156A7F790093BF89 /* lg_form.png in Resources */ = {isa = PBXBuildFile; fileRef = 61A03DF9156A7F790093BF89 /* lg_form.png */; };
		61A03DFC156A7F790093BF89 /* lg_form@2x.png in Resources */ = {isa = PBXBuildFile; fileRef = 61A03DFA156A7F790093BF89 /* lg_form@2x.png */; };
		61A03DFF156A82BD0093BF89 /* lg_close.png in Resources */ = {isa = PBXBuildFile; fileRef = 61A03DFD156A82BD0093BF89 /* lg_close.png */; };
		61A03E00156A82BD0093BF89 /* lg_close@2x.png in Resources */ = {isa = PBXBuildFile; fileRef = 61A03DFE156A82BD0093BF89 /* lg_close@2x.png */; };
		61A03E03156A8C5E0093BF89 /* lg_failedLogIn.png in Resources */ = {isa = PBXBuildFile; fileRef = 61A03E01156A8C5E0093BF89 /* lg_failedLogIn.png */; };
		61A03E04156A8C5E0093BF89 /* lg_failedLogIn@2x.png in Resources */ = {isa = PBXBuildFile; fileRef = 61A03E02156A8C5E0093BF89 /* lg_failedLogIn@2x.png */; };
		61A03E07156A95D60093BF89 /* lg_loading.png in Resources */ = {isa = PBXBuildFile; fileRef = 61A03E05156A95D60093BF89 /* lg_loading.png */; };
		61A03E08156A95D60093BF89 /* lg_loading@2x.png in Resources */ = {isa = PBXBuildFile; fileRef = 61A03E06156A95D60093BF89 /* lg_loading@2x.png */; };
		61A64A6915658F540009D34D /* UIKit.framework in Frameworks */ = {isa = PBXBuildFile; fileRef = 61A64A6815658F530009D34D /* UIKit.framework */; };
		61A64A6B15658F540009D34D /* Foundation.framework in Frameworks */ = {isa = PBXBuildFile; fileRef = 61A64A6A15658F540009D34D /* Foundation.framework */; };
		61A64A6D15658F540009D34D /* CoreGraphics.framework in Frameworks */ = {isa = PBXBuildFile; fileRef = 61A64A6C15658F540009D34D /* CoreGraphics.framework */; };
		61A64A7315658F540009D34D /* InfoPlist.strings in Resources */ = {isa = PBXBuildFile; fileRef = 61A64A7115658F540009D34D /* InfoPlist.strings */; };
		61A64A7515658F540009D34D /* main.m in Sources */ = {isa = PBXBuildFile; fileRef = 61A64A7415658F540009D34D /* main.m */; };
		61A64A7915658F540009D34D /* AppDelegate.m in Sources */ = {isa = PBXBuildFile; fileRef = 61A64A7815658F540009D34D /* AppDelegate.m */; };
		61A64A8815658F540009D34D /* UIKit.framework in Frameworks */ = {isa = PBXBuildFile; fileRef = 61A64A6815658F530009D34D /* UIKit.framework */; };
		61A64A8915658F540009D34D /* Foundation.framework in Frameworks */ = {isa = PBXBuildFile; fileRef = 61A64A6A15658F540009D34D /* Foundation.framework */; };
		61A64A9115658F540009D34D /* InfoPlist.strings in Resources */ = {isa = PBXBuildFile; fileRef = 61A64A8F15658F540009D34D /* InfoPlist.strings */; };
		61A64A9415658F540009D34D /* Cinegram_iOSTests.m in Sources */ = {isa = PBXBuildFile; fileRef = 61A64A9315658F540009D34D /* Cinegram_iOSTests.m */; };
		61A64A9F15658FC10009D34D /* Icon.png in Resources */ = {isa = PBXBuildFile; fileRef = 61A64A9D15658FC10009D34D /* Icon.png */; };
		61A64AA015658FC10009D34D /* Icon@2x.png in Resources */ = {isa = PBXBuildFile; fileRef = 61A64A9E15658FC10009D34D /* Icon@2x.png */; };
		61A64AA31565950F0009D34D /* Default.png in Resources */ = {isa = PBXBuildFile; fileRef = 61A64AA11565950F0009D34D /* Default.png */; };
		61A64AA41565950F0009D34D /* Default@2x.png in Resources */ = {isa = PBXBuildFile; fileRef = 61A64AA21565950F0009D34D /* Default@2x.png */; };
		61A64AAA15659E8B0009D34D /* MainStoryboard.storyboard in Resources */ = {isa = PBXBuildFile; fileRef = 61A64AA815659E8B0009D34D /* MainStoryboard.storyboard */; };
		61A64AAD15659ECE0009D34D /* IntroCheck.m in Sources */ = {isa = PBXBuildFile; fileRef = 61A64AAC15659ECE0009D34D /* IntroCheck.m */; };
		61A64AB315659F640009D34D /* ge_background.png in Resources */ = {isa = PBXBuildFile; fileRef = 61A64AB115659F640009D34D /* ge_background.png */; };
		61A64AB415659F640009D34D /* ge_background@2x.png in Resources */ = {isa = PBXBuildFile; fileRef = 61A64AB215659F640009D34D /* ge_background@2x.png */; };
		61A64ABB15659FBF0009D34D /* HomeTab.m in Sources */ = {isa = PBXBuildFile; fileRef = 61A64ABA15659FBF0009D34D /* HomeTab.m */; };
		61A64AC71565AB200009D34D /* hm_navBar.png in Resources */ = {isa = PBXBuildFile; fileRef = 61A64AC51565AB200009D34D /* hm_navBar.png */; };
		61A64AC81565AB200009D34D /* hm_navBar@2x.png in Resources */ = {isa = PBXBuildFile; fileRef = 61A64AC61565AB200009D34D /* hm_navBar@2x.png */; };
		61A64ACB1565AD9E0009D34D /* ge_navBar.png in Resources */ = {isa = PBXBuildFile; fileRef = 61A64AC91565AD9E0009D34D /* ge_navBar.png */; };
		61A64ACC1565AD9E0009D34D /* ge_navBar@2x.png in Resources */ = {isa = PBXBuildFile; fileRef = 61A64ACA1565AD9E0009D34D /* ge_navBar@2x.png */; };
		61A64ACF1565AE410009D34D /* hm_navBarLogo.png in Resources */ = {isa = PBXBuildFile; fileRef = 61A64ACD1565AE410009D34D /* hm_navBarLogo.png */; };
		61A64AD01565AE410009D34D /* hm_navBarLogo@2x.png in Resources */ = {isa = PBXBuildFile; fileRef = 61A64ACE1565AE410009D34D /* hm_navBarLogo@2x.png */; };
		61B6CC891565AF9D0077AA76 /* ge_tabBarBG.png in Resources */ = {isa = PBXBuildFile; fileRef = 61B6CC871565AF9D0077AA76 /* ge_tabBarBG.png */; };
		61B6CC8A1565AF9D0077AA76 /* ge_tabBarBG@2x.png in Resources */ = {isa = PBXBuildFile; fileRef = 61B6CC881565AF9D0077AA76 /* ge_tabBarBG@2x.png */; };
		61EFC7CB15667CE800412578 /* CameraTab.m in Sources */ = {isa = PBXBuildFile; fileRef = 61EFC7CA15667CE700412578 /* CameraTab.m */; };
		61EFC7CF15667F2A00412578 /* MyVideosTab.m in Sources */ = {isa = PBXBuildFile; fileRef = 61EFC7CE15667F2A00412578 /* MyVideosTab.m */; };
		61EFC7D215667F3900412578 /* CinegramTab.m in Sources */ = {isa = PBXBuildFile; fileRef = 61EFC7D115667F3900412578 /* CinegramTab.m */; };
		61EFC7D515667F4300412578 /* SettingsTab.m in Sources */ = {isa = PBXBuildFile; fileRef = 61EFC7D415667F4300412578 /* SettingsTab.m */; };
		61EFC7DC156684B600412578 /* IntroLogIn.m in Sources */ = {isa = PBXBuildFile; fileRef = 61EFC7DB156684B600412578 /* IntroLogIn.m */; };
		61EFC8061566A48100412578 /* tb_1_down.png in Resources */ = {isa = PBXBuildFile; fileRef = 61EFC7F21566A48100412578 /* tb_1_down.png */; };
		61EFC8071566A48100412578 /* tb_1_down@2x.png in Resources */ = {isa = PBXBuildFile; fileRef = 61EFC7F31566A48100412578 /* tb_1_down@2x.png */; };
		61EFC8081566A48100412578 /* tb_1_up.png in Resources */ = {isa = PBXBuildFile; fileRef = 61EFC7F41566A48100412578 /* tb_1_up.png */; };
		61EFC8091566A48100412578 /* tb_1_up@2x.png in Resources */ = {isa = PBXBuildFile; fileRef = 61EFC7F51566A48100412578 /* tb_1_up@2x.png */; };
		61EFC80A1566A48100412578 /* tb_2_down.png in Resources */ = {isa = PBXBuildFile; fileRef = 61EFC7F61566A48100412578 /* tb_2_down.png */; };
		61EFC80B1566A48100412578 /* tb_2_down@2x.png in Resources */ = {isa = PBXBuildFile; fileRef = 61EFC7F71566A48100412578 /* tb_2_down@2x.png */; };
		61EFC80C1566A48100412578 /* tb_2_up.png in Resources */ = {isa = PBXBuildFile; fileRef = 61EFC7F81566A48100412578 /* tb_2_up.png */; };
		61EFC80D1566A48100412578 /* tb_2_up@2x.png in Resources */ = {isa = PBXBuildFile; fileRef = 61EFC7F91566A48100412578 /* tb_2_up@2x.png */; };
		61EFC80E1566A48100412578 /* tb_3_down.png in Resources */ = {isa = PBXBuildFile; fileRef = 61EFC7FA1566A48100412578 /* tb_3_down.png */; };
		61EFC80F1566A48100412578 /* tb_3_down@2x.png in Resources */ = {isa = PBXBuildFile; fileRef = 61EFC7FB1566A48100412578 /* tb_3_down@2x.png */; };
		61EFC8101566A48100412578 /* tb_3_up.png in Resources */ = {isa = PBXBuildFile; fileRef = 61EFC7FC1566A48100412578 /* tb_3_up.png */; };
		61EFC8111566A48100412578 /* tb_3_up@2x.png in Resources */ = {isa = PBXBuildFile; fileRef = 61EFC7FD1566A48100412578 /* tb_3_up@2x.png */; };
		61EFC8121566A48100412578 /* tb_4_down.png in Resources */ = {isa = PBXBuildFile; fileRef = 61EFC7FE1566A48100412578 /* tb_4_down.png */; };
		61EFC8131566A48100412578 /* tb_4_down@2x.png in Resources */ = {isa = PBXBuildFile; fileRef = 61EFC7FF1566A48100412578 /* tb_4_down@2x.png */; };
		61EFC8141566A48100412578 /* tb_4_up.png in Resources */ = {isa = PBXBuildFile; fileRef = 61EFC8001566A48100412578 /* tb_4_up.png */; };
		61EFC8151566A48100412578 /* tb_4_up@2x.png in Resources */ = {isa = PBXBuildFile; fileRef = 61EFC8011566A48100412578 /* tb_4_up@2x.png */; };
		61EFC8161566A48100412578 /* tb_5_down.png in Resources */ = {isa = PBXBuildFile; fileRef = 61EFC8021566A48100412578 /* tb_5_down.png */; };
		61EFC8171566A48100412578 /* tb_5_down@2x.png in Resources */ = {isa = PBXBuildFile; fileRef = 61EFC8031566A48100412578 /* tb_5_down@2x.png */; };
		61EFC8181566A48100412578 /* tb_5_up.png in Resources */ = {isa = PBXBuildFile; fileRef = 61EFC8041566A48100412578 /* tb_5_up.png */; };
		61EFC8191566A48100412578 /* tb_5_up@2x.png in Resources */ = {isa = PBXBuildFile; fileRef = 61EFC8051566A48100412578 /* tb_5_up@2x.png */; };
		61FB5606156913D00065A636 /* pr_userIcon.png in Resources */ = {isa = PBXBuildFile; fileRef = 61FB5604156913D00065A636 /* pr_userIcon.png */; };
		61FB5607156913D00065A636 /* pr_userIcon@2x.png in Resources */ = {isa = PBXBuildFile; fileRef = 61FB5605156913D00065A636 /* pr_userIcon@2x.png */; };
		61FB560B15694E520065A636 /* PullRefreshTableViewController.m in Sources */ = {isa = PBXBuildFile; fileRef = 61FB560A15694E520065A636 /* PullRefreshTableViewController.m */; };
		61FB560C15694E920065A636 /* PullRefreshTableViewController.m in Sources */ = {isa = PBXBuildFile; fileRef = 61FB560A15694E520065A636 /* PullRefreshTableViewController.m */; settings = {COMPILER_FLAGS = "-fno-objc-arc"; }; };
		61FB561015696A590065A636 /* vd_videoBackground.png in Resources */ = {isa = PBXBuildFile; fileRef = 61FB560E15696A590065A636 /* vd_videoBackground.png */; };
		61FB561115696A590065A636 /* vd_videoBackground@2x.png in Resources */ = {isa = PBXBuildFile; fileRef = 61FB560F15696A590065A636 /* vd_videoBackground@2x.png */; };
/* End PBXBuildFile section */

/* Begin PBXContainerItemProxy section */
		61A64A8A15658F540009D34D /* PBXContainerItemProxy */ = {
			isa = PBXContainerItemProxy;
			containerPortal = 61A64A5B15658F530009D34D /* Project object */;
			proxyType = 1;
			remoteGlobalIDString = 61A64A6315658F530009D34D;
			remoteInfo = "Cinegram-iOS";
		};
/* End PBXContainerItemProxy section */

/* Begin PBXFileReference section */
		619D2F7F1567C5CC00225366 /* Reachability.h */ = {isa = PBXFileReference; fileEncoding = 4; lastKnownFileType = sourcecode.c.h; path = Reachability.h; sourceTree = "<group>"; };
		619D2F801567C5CC00225366 /* Reachability.m */ = {isa = PBXFileReference; fileEncoding = 4; lastKnownFileType = sourcecode.c.objc; path = Reachability.m; sourceTree = "<group>"; };
		619D2F8C1567F20F00225366 /* QuartzCore.framework */ = {isa = PBXFileReference; lastKnownFileType = wrapper.framework; name = QuartzCore.framework; path = System/Library/Frameworks/QuartzCore.framework; sourceTree = SDKROOT; };
		619D2F921567F23400225366 /* SystemConfiguration.framework */ = {isa = PBXFileReference; lastKnownFileType = wrapper.framework; name = SystemConfiguration.framework; path = System/Library/Frameworks/SystemConfiguration.framework; sourceTree = SDKROOT; };
		619D2F941567F23F00225366 /* CFNetwork.framework */ = {isa = PBXFileReference; lastKnownFileType = wrapper.framework; name = CFNetwork.framework; path = System/Library/Frameworks/CFNetwork.framework; sourceTree = SDKROOT; };
		619D2FB91568237100225366 /* sg_seg1_down.png */ = {isa = PBXFileReference; lastKnownFileType = image.png; path = sg_seg1_down.png; sourceTree = "<group>"; };
		619D2FBA1568237100225366 /* sg_seg1_down@2x.png */ = {isa = PBXFileReference; lastKnownFileType = image.png; path = "sg_seg1_down@2x.png"; sourceTree = "<group>"; };
		619D2FBB1568237100225366 /* sg_seg1_up.png */ = {isa = PBXFileReference; lastKnownFileType = image.png; path = sg_seg1_up.png; sourceTree = "<group>"; };
		619D2FBC1568237100225366 /* sg_seg1_up@2x.png */ = {isa = PBXFileReference; lastKnownFileType = image.png; path = "sg_seg1_up@2x.png"; sourceTree = "<group>"; };
		619D2FBD1568237100225366 /* sg_seg2_down.png */ = {isa = PBXFileReference; lastKnownFileType = image.png; path = sg_seg2_down.png; sourceTree = "<group>"; };
		619D2FBE1568237100225366 /* sg_seg2_down@2x.png */ = {isa = PBXFileReference; lastKnownFileType = image.png; path = "sg_seg2_down@2x.png"; sourceTree = "<group>"; };
		619D2FBF1568237100225366 /* sg_seg2_up.png */ = {isa = PBXFileReference; lastKnownFileType = image.png; path = sg_seg2_up.png; sourceTree = "<group>"; };
		619D2FC01568237100225366 /* sg_seg2_up@2x.png */ = {isa = PBXFileReference; lastKnownFileType = image.png; path = "sg_seg2_up@2x.png"; sourceTree = "<group>"; };
		619D2FC9156829B500225366 /* ge_pullBG.png */ = {isa = PBXFileReference; lastKnownFileType = image.png; path = ge_pullBG.png; sourceTree = "<group>"; };
		619D2FCA156829B500225366 /* ge_pullBG@2x.png */ = {isa = PBXFileReference; lastKnownFileType = image.png; path = "ge_pullBG@2x.png"; sourceTree = "<group>"; };
		619D2FCD15682A0D00225366 /* ge_arrow.png */ = {isa = PBXFileReference; lastKnownFileType = image.png; path = ge_arrow.png; sourceTree = "<group>"; };
		619D2FCE15682A0D00225366 /* ge_arrow@2x.png */ = {isa = PBXFileReference; lastKnownFileType = image.png; path = "ge_arrow@2x.png"; sourceTree = "<group>"; };
		619D2FD31568372E00225366 /* ge_topShaddow.png */ = {isa = PBXFileReference; lastKnownFileType = image.png; path = ge_topShaddow.png; sourceTree = "<group>"; };
		619D2FD41568372E00225366 /* ge_topShaddow@2x.png */ = {isa = PBXFileReference; lastKnownFileType = image.png; path = "ge_topShaddow@2x.png"; sourceTree = "<group>"; };
		619D2FDC156845D600225366 /* my_navBarLogo.png */ = {isa = PBXFileReference; lastKnownFileType = image.png; path = my_navBarLogo.png; sourceTree = "<group>"; };
		619D2FDD156845D600225366 /* my_navBarLogo@2x.png */ = {isa = PBXFileReference; lastKnownFileType = image.png; path = "my_navBarLogo@2x.png"; sourceTree = "<group>"; };
		619D2FE11568463D00225366 /* ab_navBarLogo.png */ = {isa = PBXFileReference; lastKnownFileType = image.png; path = ab_navBarLogo.png; sourceTree = "<group>"; };
		619D2FE21568463D00225366 /* ab_navBarLogo@2x.png */ = {isa = PBXFileReference; lastKnownFileType = image.png; path = "ab_navBarLogo@2x.png"; sourceTree = "<group>"; };
		619D2FE41568463D00225366 /* se_navBarLogo.png */ = {isa = PBXFileReference; lastKnownFileType = image.png; path = se_navBarLogo.png; sourceTree = "<group>"; };
		619D2FE51568463D00225366 /* se_navBarLogo@2x.png */ = {isa = PBXFileReference; lastKnownFileType = image.png; path = "se_navBarLogo@2x.png"; sourceTree = "<group>"; };
		619D30D115685C2C00225366 /* Security.framework */ = {isa = PBXFileReference; lastKnownFileType = wrapper.framework; name = Security.framework; path = System/Library/Frameworks/Security.framework; sourceTree = SDKROOT; };
		619D30D315685C3500225366 /* MessageUI.framework */ = {isa = PBXFileReference; lastKnownFileType = wrapper.framework; name = MessageUI.framework; path = System/Library/Frameworks/MessageUI.framework; sourceTree = SDKROOT; };
		619D30D61568620600225366 /* sh_BG.png */ = {isa = PBXFileReference; lastKnownFileType = image.png; path = sh_BG.png; sourceTree = "<group>"; };
		619D30D71568620600225366 /* sh_BG@2x.png */ = {isa = PBXFileReference; lastKnownFileType = image.png; path = "sh_BG@2x.png"; sourceTree = "<group>"; };
		619D30D81568620600225366 /* sh_mail.png */ = {isa = PBXFileReference; lastKnownFileType = image.png; path = sh_mail.png; sourceTree = "<group>"; };
		619D30D91568620600225366 /* sh_mail@2x.png */ = {isa = PBXFileReference; lastKnownFileType = image.png; path = "sh_mail@2x.png"; sourceTree = "<group>"; };
		619D30DA1568620600225366 /* sh_star.png */ = {isa = PBXFileReference; lastKnownFileType = image.png; path = sh_star.png; sourceTree = "<group>"; };
		619D30DB1568620600225366 /* sh_star@2x.png */ = {isa = PBXFileReference; lastKnownFileType = image.png; path = "sh_star@2x.png"; sourceTree = "<group>"; };
		619D30DC1568620600225366 /* sh_twitter.png */ = {isa = PBXFileReference; lastKnownFileType = image.png; path = sh_twitter.png; sourceTree = "<group>"; };
		619D30DD1568620600225366 /* sh_twitter@2x.png */ = {isa = PBXFileReference; lastKnownFileType = image.png; path = "sh_twitter@2x.png"; sourceTree = "<group>"; };
		619D30E71568638300225366 /* HomeTableCell.h */ = {isa = PBXFileReference; fileEncoding = 4; lastKnownFileType = sourcecode.c.h; name = HomeTableCell.h; path = "View Controllers/Custom Cells/HomeTableCell.h"; sourceTree = "<group>"; };
		619D30E81568638300225366 /* HomeTableCell.m */ = {isa = PBXFileReference; fileEncoding = 4; lastKnownFileType = sourcecode.c.objc; name = HomeTableCell.m; path = "View Controllers/Custom Cells/HomeTableCell.m"; sourceTree = "<group>"; };
		619ED788156AEF0500CDC3C8 /* hm_likeButton.png */ = {isa = PBXFileReference; lastKnownFileType = image.png; path = hm_likeButton.png; sourceTree = "<group>"; };
		619ED789156AEF0500CDC3C8 /* hm_likeButton@2x.png */ = {isa = PBXFileReference; lastKnownFileType = image.png; path = "hm_likeButton@2x.png"; sourceTree = "<group>"; };
		619ED78D156AEFE700CDC3C8 /* hm_commentButton.png */ = {isa = PBXFileReference; lastKnownFileType = image.png; path = hm_commentButton.png; sourceTree = "<group>"; };
		619ED78E156AEFE700CDC3C8 /* hm_commentButton@2x.png */ = {isa = PBXFileReference; lastKnownFileType = image.png; path = "hm_commentButton@2x.png"; sourceTree = "<group>"; };
		619ED791156AF76000CDC3C8 /* hm_viewsCount.png */ = {isa = PBXFileReference; lastKnownFileType = image.png; path = hm_viewsCount.png; sourceTree = "<group>"; };
		619ED792156AF76000CDC3C8 /* hm_viewsCount@2x.png */ = {isa = PBXFileReference; lastKnownFileType = image.png; path = "hm_viewsCount@2x.png"; sourceTree = "<group>"; };
		619ED795156AF78800CDC3C8 /* hm_favsCount.png */ = {isa = PBXFileReference; lastKnownFileType = image.png; path = hm_favsCount.png; sourceTree = "<group>"; };
		619ED796156AF78800CDC3C8 /* hm_favsCount@2x.png */ = {isa = PBXFileReference; lastKnownFileType = image.png; path = "hm_favsCount@2x.png"; sourceTree = "<group>"; };
		619ED799156AF7D000CDC3C8 /* hm_viewProfile.png */ = {isa = PBXFileReference; lastKnownFileType = image.png; path = hm_viewProfile.png; sourceTree = "<group>"; };
		619ED79A156AF7D000CDC3C8 /* hm_viewProfile@2x.png */ = {isa = PBXFileReference; lastKnownFileType = image.png; path = "hm_viewProfile@2x.png"; sourceTree = "<group>"; };
		619ED79D156B016E00CDC3C8 /* vd_playButton.png */ = {isa = PBXFileReference; lastKnownFileType = image.png; path = vd_playButton.png; sourceTree = "<group>"; };
		619ED79E156B016E00CDC3C8 /* vd_playButton@2x.png */ = {isa = PBXFileReference; lastKnownFileType = image.png; path = "vd_playButton@2x.png"; sourceTree = "<group>"; };
		619ED79F156B016E00CDC3C8 /* vd_videoOverlay.png */ = {isa = PBXFileReference; lastKnownFileType = image.png; path = vd_videoOverlay.png; sourceTree = "<group>"; };
		619ED7A0156B016E00CDC3C8 /* vd_videoOverlay@2x.png */ = {isa = PBXFileReference; lastKnownFileType = image.png; path = "vd_videoOverlay@2x.png"; sourceTree = "<group>"; };
		619ED7A5156B052E00CDC3C8 /* vd_sampleVideo.png */ = {isa = PBXFileReference; lastKnownFileType = image.png; path = vd_sampleVideo.png; sourceTree = "<group>"; };
		619ED7A6156B052E00CDC3C8 /* vd_sampleVideo@2x.png */ = {isa = PBXFileReference; lastKnownFileType = image.png; path = "vd_sampleVideo@2x.png"; sourceTree = "<group>"; };
		61A03DE1156A6E870093BF89 /* lg_background.png */ = {isa = PBXFileReference; lastKnownFileType = image.png; path = lg_background.png; sourceTree = "<group>"; };
		61A03DE2156A6E870093BF89 /* lg_background@2x.png */ = {isa = PBXFileReference; lastKnownFileType = image.png; path = "lg_background@2x.png"; sourceTree = "<group>"; };
		61A03DEA156A78A00093BF89 /* lg_logIn.png */ = {isa = PBXFileReference; lastKnownFileType = image.png; path = lg_logIn.png; sourceTree = "<group>"; };
		61A03DEB156A78A00093BF89 /* lg_logIn@2x.png */ = {isa = PBXFileReference; lastKnownFileType = image.png; path = "lg_logIn@2x.png"; sourceTree = "<group>"; };
		61A03DEC156A78A00093BF89 /* lg_register.png */ = {isa = PBXFileReference; lastKnownFileType = image.png; path = lg_register.png; sourceTree = "<group>"; };
		61A03DED156A78A00093BF89 /* lg_register@2x.png */ = {isa = PBXFileReference; lastKnownFileType = image.png; path = "lg_register@2x.png"; sourceTree = "<group>"; };
		61A03DF2156A7CA80093BF89 /* IntroLogInProcess.h */ = {isa = PBXFileReference; fileEncoding = 4; lastKnownFileType = sourcecode.c.h; path = IntroLogInProcess.h; sourceTree = "<group>"; };
		61A03DF3156A7CA80093BF89 /* IntroLogInProcess.m */ = {isa = PBXFileReference; fileEncoding = 4; lastKnownFileType = sourcecode.c.objc; path = IntroLogInProcess.m; sourceTree = "<group>"; };
		61A03DF5156A7DD80093BF89 /* lg_backgroundClear.png */ = {isa = PBXFileReference; lastKnownFileType = image.png; path = lg_backgroundClear.png; sourceTree = "<group>"; };
		61A03DF6156A7DD80093BF89 /* lg_backgroundClear@2x.png */ = {isa = PBXFileReference; lastKnownFileType = image.png; path = "lg_backgroundClear@2x.png"; sourceTree = "<group>"; };
		61A03DF9156A7F790093BF89 /* lg_form.png */ = {isa = PBXFileReference; lastKnownFileType = image.png; path = lg_form.png; sourceTree = "<group>"; };
		61A03DFA156A7F790093BF89 /* lg_form@2x.png */ = {isa = PBXFileReference; lastKnownFileType = image.png; path = "lg_form@2x.png"; sourceTree = "<group>"; };
		61A03DFD156A82BD0093BF89 /* lg_close.png */ = {isa = PBXFileReference; lastKnownFileType = image.png; path = lg_close.png; sourceTree = "<group>"; };
		61A03DFE156A82BD0093BF89 /* lg_close@2x.png */ = {isa = PBXFileReference; lastKnownFileType = image.png; path = "lg_close@2x.png"; sourceTree = "<group>"; };
		61A03E01156A8C5E0093BF89 /* lg_failedLogIn.png */ = {isa = PBXFileReference; lastKnownFileType = image.png; path = lg_failedLogIn.png; sourceTree = "<group>"; };
		61A03E02156A8C5E0093BF89 /* lg_failedLogIn@2x.png */ = {isa = PBXFileReference; lastKnownFileType = image.png; path = "lg_failedLogIn@2x.png"; sourceTree = "<group>"; };
		61A03E05156A95D60093BF89 /* lg_loading.png */ = {isa = PBXFileReference; lastKnownFileType = image.png; path = lg_loading.png; sourceTree = "<group>"; };
		61A03E06156A95D60093BF89 /* lg_loading@2x.png */ = {isa = PBXFileReference; lastKnownFileType = image.png; path = "lg_loading@2x.png"; sourceTree = "<group>"; };
		61A64A6415658F530009D34D /* Cinegram-iOS.app */ = {isa = PBXFileReference; explicitFileType = wrapper.application; includeInIndex = 0; path = "Cinegram-iOS.app"; sourceTree = BUILT_PRODUCTS_DIR; };
		61A64A6815658F530009D34D /* UIKit.framework */ = {isa = PBXFileReference; lastKnownFileType = wrapper.framework; name = UIKit.framework; path = System/Library/Frameworks/UIKit.framework; sourceTree = SDKROOT; };
		61A64A6A15658F540009D34D /* Foundation.framework */ = {isa = PBXFileReference; lastKnownFileType = wrapper.framework; name = Foundation.framework; path = System/Library/Frameworks/Foundation.framework; sourceTree = SDKROOT; };
		61A64A6C15658F540009D34D /* CoreGraphics.framework */ = {isa = PBXFileReference; lastKnownFileType = wrapper.framework; name = CoreGraphics.framework; path = System/Library/Frameworks/CoreGraphics.framework; sourceTree = SDKROOT; };
		61A64A7015658F540009D34D /* Cinegram-iOS-Info.plist */ = {isa = PBXFileReference; lastKnownFileType = text.plist.xml; path = "Cinegram-iOS-Info.plist"; sourceTree = "<group>"; };
		61A64A7215658F540009D34D /* en */ = {isa = PBXFileReference; lastKnownFileType = text.plist.strings; name = en; path = en.lproj/InfoPlist.strings; sourceTree = "<group>"; };
		61A64A7415658F540009D34D /* main.m */ = {isa = PBXFileReference; lastKnownFileType = sourcecode.c.objc; path = main.m; sourceTree = "<group>"; };
		61A64A7615658F540009D34D /* Cinegram-iOS-Prefix.pch */ = {isa = PBXFileReference; lastKnownFileType = sourcecode.c.h; path = "Cinegram-iOS-Prefix.pch"; sourceTree = "<group>"; };
		61A64A7715658F540009D34D /* AppDelegate.h */ = {isa = PBXFileReference; lastKnownFileType = sourcecode.c.h; path = AppDelegate.h; sourceTree = "<group>"; };
		61A64A7815658F540009D34D /* AppDelegate.m */ = {isa = PBXFileReference; lastKnownFileType = sourcecode.c.objc; path = AppDelegate.m; sourceTree = "<group>"; };
		61A64A8515658F540009D34D /* Cinegram-iOSTests.octest */ = {isa = PBXFileReference; explicitFileType = wrapper.cfbundle; includeInIndex = 0; path = "Cinegram-iOSTests.octest"; sourceTree = BUILT_PRODUCTS_DIR; };
		61A64A8E15658F540009D34D /* Cinegram-iOSTests-Info.plist */ = {isa = PBXFileReference; lastKnownFileType = text.plist.xml; path = "Cinegram-iOSTests-Info.plist"; sourceTree = "<group>"; };
		61A64A9015658F540009D34D /* en */ = {isa = PBXFileReference; lastKnownFileType = text.plist.strings; name = en; path = en.lproj/InfoPlist.strings; sourceTree = "<group>"; };
		61A64A9215658F540009D34D /* Cinegram_iOSTests.h */ = {isa = PBXFileReference; lastKnownFileType = sourcecode.c.h; path = Cinegram_iOSTests.h; sourceTree = "<group>"; };
		61A64A9315658F540009D34D /* Cinegram_iOSTests.m */ = {isa = PBXFileReference; lastKnownFileType = sourcecode.c.objc; path = Cinegram_iOSTests.m; sourceTree = "<group>"; };
		61A64A9D15658FC10009D34D /* Icon.png */ = {isa = PBXFileReference; lastKnownFileType = image.png; path = Icon.png; sourceTree = "<group>"; };
		61A64A9E15658FC10009D34D /* Icon@2x.png */ = {isa = PBXFileReference; lastKnownFileType = image.png; path = "Icon@2x.png"; sourceTree = "<group>"; };
		61A64AA11565950F0009D34D /* Default.png */ = {isa = PBXFileReference; lastKnownFileType = image.png; path = Default.png; sourceTree = "<group>"; };
		61A64AA21565950F0009D34D /* Default@2x.png */ = {isa = PBXFileReference; lastKnownFileType = image.png; path = "Default@2x.png"; sourceTree = "<group>"; };
		61A64AA815659E8B0009D34D /* MainStoryboard.storyboard */ = {isa = PBXFileReference; fileEncoding = 4; lastKnownFileType = file.storyboard; path = MainStoryboard.storyboard; sourceTree = "<group>"; };
		61A64AAB15659ECE0009D34D /* IntroCheck.h */ = {isa = PBXFileReference; fileEncoding = 4; lastKnownFileType = sourcecode.c.h; path = IntroCheck.h; sourceTree = "<group>"; };
		61A64AAC15659ECE0009D34D /* IntroCheck.m */ = {isa = PBXFileReference; fileEncoding = 4; lastKnownFileType = sourcecode.c.objc; path = IntroCheck.m; sourceTree = "<group>"; };
		61A64AB115659F640009D34D /* ge_background.png */ = {isa = PBXFileReference; lastKnownFileType = image.png; path = ge_background.png; sourceTree = "<group>"; };
		61A64AB215659F640009D34D /* ge_background@2x.png */ = {isa = PBXFileReference; lastKnownFileType = image.png; path = "ge_background@2x.png"; sourceTree = "<group>"; };
		61A64AB915659FBF0009D34D /* HomeTab.h */ = {isa = PBXFileReference; fileEncoding = 4; lastKnownFileType = sourcecode.c.h; path = HomeTab.h; sourceTree = "<group>"; };
		61A64ABA15659FBF0009D34D /* HomeTab.m */ = {isa = PBXFileReference; fileEncoding = 4; lastKnownFileType = sourcecode.c.objc; path = HomeTab.m; sourceTree = "<group>"; };
		61A64AC51565AB200009D34D /* hm_navBar.png */ = {isa = PBXFileReference; lastKnownFileType = image.png; path = hm_navBar.png; sourceTree = "<group>"; };
		61A64AC61565AB200009D34D /* hm_navBar@2x.png */ = {isa = PBXFileReference; lastKnownFileType = image.png; path = "hm_navBar@2x.png"; sourceTree = "<group>"; };
		61A64AC91565AD9E0009D34D /* ge_navBar.png */ = {isa = PBXFileReference; lastKnownFileType = image.png; path = ge_navBar.png; sourceTree = "<group>"; };
		61A64ACA1565AD9E0009D34D /* ge_navBar@2x.png */ = {isa = PBXFileReference; lastKnownFileType = image.png; path = "ge_navBar@2x.png"; sourceTree = "<group>"; };
		61A64ACD1565AE410009D34D /* hm_navBarLogo.png */ = {isa = PBXFileReference; lastKnownFileType = image.png; path = hm_navBarLogo.png; sourceTree = "<group>"; };
		61A64ACE1565AE410009D34D /* hm_navBarLogo@2x.png */ = {isa = PBXFileReference; lastKnownFileType = image.png; path = "hm_navBarLogo@2x.png"; sourceTree = "<group>"; };
		61B6CC871565AF9D0077AA76 /* ge_tabBarBG.png */ = {isa = PBXFileReference; lastKnownFileType = image.png; path = ge_tabBarBG.png; sourceTree = "<group>"; };
		61B6CC881565AF9D0077AA76 /* ge_tabBarBG@2x.png */ = {isa = PBXFileReference; lastKnownFileType = image.png; path = "ge_tabBarBG@2x.png"; sourceTree = "<group>"; };
		61EFC7C915667CE700412578 /* CameraTab.h */ = {isa = PBXFileReference; fileEncoding = 4; lastKnownFileType = sourcecode.c.h; path = CameraTab.h; sourceTree = "<group>"; };
		61EFC7CA15667CE700412578 /* CameraTab.m */ = {isa = PBXFileReference; fileEncoding = 4; lastKnownFileType = sourcecode.c.objc; path = CameraTab.m; sourceTree = "<group>"; };
		61EFC7CD15667F2A00412578 /* MyVideosTab.h */ = {isa = PBXFileReference; fileEncoding = 4; lastKnownFileType = sourcecode.c.h; path = MyVideosTab.h; sourceTree = "<group>"; };
		61EFC7CE15667F2A00412578 /* MyVideosTab.m */ = {isa = PBXFileReference; fileEncoding = 4; lastKnownFileType = sourcecode.c.objc; path = MyVideosTab.m; sourceTree = "<group>"; };
		61EFC7D015667F3900412578 /* CinegramTab.h */ = {isa = PBXFileReference; fileEncoding = 4; lastKnownFileType = sourcecode.c.h; path = CinegramTab.h; sourceTree = "<group>"; };
		61EFC7D115667F3900412578 /* CinegramTab.m */ = {isa = PBXFileReference; fileEncoding = 4; lastKnownFileType = sourcecode.c.objc; path = CinegramTab.m; sourceTree = "<group>"; };
		61EFC7D315667F4300412578 /* SettingsTab.h */ = {isa = PBXFileReference; fileEncoding = 4; lastKnownFileType = sourcecode.c.h; path = SettingsTab.h; sourceTree = "<group>"; };
		61EFC7D415667F4300412578 /* SettingsTab.m */ = {isa = PBXFileReference; fileEncoding = 4; lastKnownFileType = sourcecode.c.objc; path = SettingsTab.m; sourceTree = "<group>"; };
		61EFC7DA156684B600412578 /* IntroLogIn.h */ = {isa = PBXFileReference; fileEncoding = 4; lastKnownFileType = sourcecode.c.h; path = IntroLogIn.h; sourceTree = "<group>"; };
		61EFC7DB156684B600412578 /* IntroLogIn.m */ = {isa = PBXFileReference; fileEncoding = 4; lastKnownFileType = sourcecode.c.objc; path = IntroLogIn.m; sourceTree = "<group>"; };
		61EFC7F21566A48100412578 /* tb_1_down.png */ = {isa = PBXFileReference; lastKnownFileType = image.png; path = tb_1_down.png; sourceTree = "<group>"; };
		61EFC7F31566A48100412578 /* tb_1_down@2x.png */ = {isa = PBXFileReference; lastKnownFileType = image.png; path = "tb_1_down@2x.png"; sourceTree = "<group>"; };
		61EFC7F41566A48100412578 /* tb_1_up.png */ = {isa = PBXFileReference; lastKnownFileType = image.png; path = tb_1_up.png; sourceTree = "<group>"; };
		61EFC7F51566A48100412578 /* tb_1_up@2x.png */ = {isa = PBXFileReference; lastKnownFileType = image.png; path = "tb_1_up@2x.png"; sourceTree = "<group>"; };
		61EFC7F61566A48100412578 /* tb_2_down.png */ = {isa = PBXFileReference; lastKnownFileType = image.png; path = tb_2_down.png; sourceTree = "<group>"; };
		61EFC7F71566A48100412578 /* tb_2_down@2x.png */ = {isa = PBXFileReference; lastKnownFileType = image.png; path = "tb_2_down@2x.png"; sourceTree = "<group>"; };
		61EFC7F81566A48100412578 /* tb_2_up.png */ = {isa = PBXFileReference; lastKnownFileType = image.png; path = tb_2_up.png; sourceTree = "<group>"; };
		61EFC7F91566A48100412578 /* tb_2_up@2x.png */ = {isa = PBXFileReference; lastKnownFileType = image.png; path = "tb_2_up@2x.png"; sourceTree = "<group>"; };
		61EFC7FA1566A48100412578 /* tb_3_down.png */ = {isa = PBXFileReference; lastKnownFileType = image.png; path = tb_3_down.png; sourceTree = "<group>"; };
		61EFC7FB1566A48100412578 /* tb_3_down@2x.png */ = {isa = PBXFileReference; lastKnownFileType = image.png; path = "tb_3_down@2x.png"; sourceTree = "<group>"; };
		61EFC7FC1566A48100412578 /* tb_3_up.png */ = {isa = PBXFileReference; lastKnownFileType = image.png; path = tb_3_up.png; sourceTree = "<group>"; };
		61EFC7FD1566A48100412578 /* tb_3_up@2x.png */ = {isa = PBXFileReference; lastKnownFileType = image.png; path = "tb_3_up@2x.png"; sourceTree = "<group>"; };
		61EFC7FE1566A48100412578 /* tb_4_down.png */ = {isa = PBXFileReference; lastKnownFileType = image.png; path = tb_4_down.png; sourceTree = "<group>"; };
		61EFC7FF1566A48100412578 /* tb_4_down@2x.png */ = {isa = PBXFileReference; lastKnownFileType = image.png; path = "tb_4_down@2x.png"; sourceTree = "<group>"; };
		61EFC8001566A48100412578 /* tb_4_up.png */ = {isa = PBXFileReference; lastKnownFileType = image.png; path = tb_4_up.png; sourceTree = "<group>"; };
		61EFC8011566A48100412578 /* tb_4_up@2x.png */ = {isa = PBXFileReference; lastKnownFileType = image.png; path = "tb_4_up@2x.png"; sourceTree = "<group>"; };
		61EFC8021566A48100412578 /* tb_5_down.png */ = {isa = PBXFileReference; lastKnownFileType = image.png; path = tb_5_down.png; sourceTree = "<group>"; };
		61EFC8031566A48100412578 /* tb_5_down@2x.png */ = {isa = PBXFileReference; lastKnownFileType = image.png; path = "tb_5_down@2x.png"; sourceTree = "<group>"; };
		61EFC8041566A48100412578 /* tb_5_up.png */ = {isa = PBXFileReference; lastKnownFileType = image.png; path = tb_5_up.png; sourceTree = "<group>"; };
		61EFC8051566A48100412578 /* tb_5_up@2x.png */ = {isa = PBXFileReference; lastKnownFileType = image.png; path = "tb_5_up@2x.png"; sourceTree = "<group>"; };
		61FB5604156913D00065A636 /* pr_userIcon.png */ = {isa = PBXFileReference; lastKnownFileType = image.png; path = pr_userIcon.png; sourceTree = "<group>"; };
		61FB5605156913D00065A636 /* pr_userIcon@2x.png */ = {isa = PBXFileReference; lastKnownFileType = image.png; path = "pr_userIcon@2x.png"; sourceTree = "<group>"; };
		61FB560915694E520065A636 /* PullRefreshTableViewController.h */ = {isa = PBXFileReference; fileEncoding = 4; lastKnownFileType = sourcecode.c.h; path = PullRefreshTableViewController.h; sourceTree = "<group>"; };
		61FB560A15694E520065A636 /* PullRefreshTableViewController.m */ = {isa = PBXFileReference; fileEncoding = 4; lastKnownFileType = sourcecode.c.objc; path = PullRefreshTableViewController.m; sourceTree = "<group>"; };
		61FB560E15696A590065A636 /* vd_videoBackground.png */ = {isa = PBXFileReference; lastKnownFileType = image.png; path = vd_videoBackground.png; sourceTree = "<group>"; };
		61FB560F15696A590065A636 /* vd_videoBackground@2x.png */ = {isa = PBXFileReference; lastKnownFileType = image.png; path = "vd_videoBackground@2x.png"; sourceTree = "<group>"; };
/* End PBXFileReference section */

/* Begin PBXFrameworksBuildPhase section */
		61A64A6115658F530009D34D /* Frameworks */ = {
			isa = PBXFrameworksBuildPhase;
			buildActionMask = 2147483647;
			files = (
				619D30D415685C3500225366 /* MessageUI.framework in Frameworks */,
				619D30D215685C2C00225366 /* Security.framework in Frameworks */,
				619D2F951567F23F00225366 /* CFNetwork.framework in Frameworks */,
				619D2F931567F23400225366 /* SystemConfiguration.framework in Frameworks */,
				619D2F8D1567F20F00225366 /* QuartzCore.framework in Frameworks */,
				61A64A6915658F540009D34D /* UIKit.framework in Frameworks */,
				61A64A6B15658F540009D34D /* Foundation.framework in Frameworks */,
				61A64A6D15658F540009D34D /* CoreGraphics.framework in Frameworks */,
			);
			runOnlyForDeploymentPostprocessing = 0;
		};
		61A64A8115658F540009D34D /* Frameworks */ = {
			isa = PBXFrameworksBuildPhase;
			buildActionMask = 2147483647;
			files = (
				61A64A8815658F540009D34D /* UIKit.framework in Frameworks */,
				61A64A8915658F540009D34D /* Foundation.framework in Frameworks */,
			);
			runOnlyForDeploymentPostprocessing = 0;
		};
/* End PBXFrameworksBuildPhase section */

/* Begin PBXGroup section */
		619D2F651567C5CC00225366 /* System Configuration */ = {
			isa = PBXGroup;
			children = (
				619D2F7B1567C5CC00225366 /* PullToRefresh */,
				619D2F7E1567C5CC00225366 /* Reachability */,
			);
			path = "System Configuration";
			sourceTree = "<group>";
		};
		619D2F7B1567C5CC00225366 /* PullToRefresh */ = {
			isa = PBXGroup;
			children = (
				61FB560915694E520065A636 /* PullRefreshTableViewController.h */,
				61FB560A15694E520065A636 /* PullRefreshTableViewController.m */,
			);
			path = PullToRefresh;
			sourceTree = "<group>";
		};
		619D2F7E1567C5CC00225366 /* Reachability */ = {
			isa = PBXGroup;
			children = (
				619D2F7F1567C5CC00225366 /* Reachability.h */,
				619D2F801567C5CC00225366 /* Reachability.m */,
			);
			path = Reachability;
			sourceTree = "<group>";
		};
		619D2FB01567FFF700225366 /* Segmented Control */ = {
			isa = PBXGroup;
			children = (
				619D2FB91568237100225366 /* sg_seg1_down.png */,
				619D2FBA1568237100225366 /* sg_seg1_down@2x.png */,
				619D2FBB1568237100225366 /* sg_seg1_up.png */,
				619D2FBC1568237100225366 /* sg_seg1_up@2x.png */,
				619D2FBD1568237100225366 /* sg_seg2_down.png */,
				619D2FBE1568237100225366 /* sg_seg2_down@2x.png */,
				619D2FBF1568237100225366 /* sg_seg2_up.png */,
				619D2FC01568237100225366 /* sg_seg2_up@2x.png */,
			);
			path = "Segmented Control";
			sourceTree = "<group>";
		};
		619D2FD11568366900225366 /* Intro */ = {
			isa = PBXGroup;
			children = (
				61A64AAB15659ECE0009D34D /* IntroCheck.h */,
				61A64AAC15659ECE0009D34D /* IntroCheck.m */,
				61EFC7DA156684B600412578 /* IntroLogIn.h */,
				61EFC7DB156684B600412578 /* IntroLogIn.m */,
				61A03DF2156A7CA80093BF89 /* IntroLogInProcess.h */,
				61A03DF3156A7CA80093BF89 /* IntroLogInProcess.m */,
			);
			name = Intro;
			sourceTree = "<group>";
		};
		619D2FD21568367500225366 /* Home */ = {
			isa = PBXGroup;
			children = (
				61A64AB915659FBF0009D34D /* HomeTab.h */,
				61A64ABA15659FBF0009D34D /* HomeTab.m */,
			);
			name = Home;
			sourceTree = "<group>";
		};
		619D2FDB156845D600225366 /* My Videos */ = {
			isa = PBXGroup;
			children = (
				619D2FDC156845D600225366 /* my_navBarLogo.png */,
				619D2FDD156845D600225366 /* my_navBarLogo@2x.png */,
			);
			path = "My Videos";
			sourceTree = "<group>";
		};
		619D2FE01568463D00225366 /* About */ = {
			isa = PBXGroup;
			children = (
				619D2FE11568463D00225366 /* ab_navBarLogo.png */,
				619D2FE21568463D00225366 /* ab_navBarLogo@2x.png */,
			);
			path = About;
			sourceTree = "<group>";
		};
		619D2FE31568463D00225366 /* Settings */ = {
			isa = PBXGroup;
			children = (
				619D2FE41568463D00225366 /* se_navBarLogo.png */,
				619D2FE51568463D00225366 /* se_navBarLogo@2x.png */,
			);
			path = Settings;
			sourceTree = "<group>";
		};
		619D30D51568620600225366 /* Share */ = {
			isa = PBXGroup;
			children = (
				619D30D61568620600225366 /* sh_BG.png */,
				619D30D71568620600225366 /* sh_BG@2x.png */,
				619D30D81568620600225366 /* sh_mail.png */,
				619D30D91568620600225366 /* sh_mail@2x.png */,
				619D30DA1568620600225366 /* sh_star.png */,
				619D30DB1568620600225366 /* sh_star@2x.png */,
				619D30DC1568620600225366 /* sh_twitter.png */,
				619D30DD1568620600225366 /* sh_twitter@2x.png */,
			);
			path = Share;
			sourceTree = "<group>";
		};
		619D30E61568635700225366 /* Custom Cells */ = {
			isa = PBXGroup;
			children = (
				619D30E71568638300225366 /* HomeTableCell.h */,
				619D30E81568638300225366 /* HomeTableCell.m */,
			);
			name = "Custom Cells";
			path = ..;
			sourceTree = "<group>";
		};
		61A03DE0156A6E870093BF89 /* Log In */ = {
			isa = PBXGroup;
			children = (
				61A03E05156A95D60093BF89 /* lg_loading.png */,
				61A03E06156A95D60093BF89 /* lg_loading@2x.png */,
				61A03E01156A8C5E0093BF89 /* lg_failedLogIn.png */,
				61A03E02156A8C5E0093BF89 /* lg_failedLogIn@2x.png */,
				61A03DFD156A82BD0093BF89 /* lg_close.png */,
				61A03DFE156A82BD0093BF89 /* lg_close@2x.png */,
				61A03DF9156A7F790093BF89 /* lg_form.png */,
				61A03DFA156A7F790093BF89 /* lg_form@2x.png */,
				61A03DF5156A7DD80093BF89 /* lg_backgroundClear.png */,
				61A03DF6156A7DD80093BF89 /* lg_backgroundClear@2x.png */,
				61A03DEA156A78A00093BF89 /* lg_logIn.png */,
				61A03DEB156A78A00093BF89 /* lg_logIn@2x.png */,
				61A03DEC156A78A00093BF89 /* lg_register.png */,
				61A03DED156A78A00093BF89 /* lg_register@2x.png */,
				61A03DE1156A6E870093BF89 /* lg_background.png */,
				61A03DE2156A6E870093BF89 /* lg_background@2x.png */,
			);
			path = "Log In";
			sourceTree = "<group>";
		};
		61A64A5915658F530009D34D = {
			isa = PBXGroup;
			children = (
				61A64A9D15658FC10009D34D /* Icon.png */,
				61A64A9E15658FC10009D34D /* Icon@2x.png */,
				61A64AA11565950F0009D34D /* Default.png */,
				61A64AA21565950F0009D34D /* Default@2x.png */,
				61A64A6E15658F540009D34D /* Cinegram-iOS */,
				61A64A8C15658F540009D34D /* Cinegram-iOSTests */,
				61A64A6715658F530009D34D /* Frameworks */,
				61A64A6515658F530009D34D /* Products */,
			);
			sourceTree = "<group>";
		};
		61A64A6515658F530009D34D /* Products */ = {
			isa = PBXGroup;
			children = (
				61A64A6415658F530009D34D /* Cinegram-iOS.app */,
				61A64A8515658F540009D34D /* Cinegram-iOSTests.octest */,
			);
			name = Products;
			sourceTree = "<group>";
		};
		61A64A6715658F530009D34D /* Frameworks */ = {
			isa = PBXGroup;
			children = (
				619D30D315685C3500225366 /* MessageUI.framework */,
				619D30D115685C2C00225366 /* Security.framework */,
				619D2F941567F23F00225366 /* CFNetwork.framework */,
				619D2F921567F23400225366 /* SystemConfiguration.framework */,
				619D2F8C1567F20F00225366 /* QuartzCore.framework */,
				61A64A6815658F530009D34D /* UIKit.framework */,
				61A64A6A15658F540009D34D /* Foundation.framework */,
				61A64A6C15658F540009D34D /* CoreGraphics.framework */,
			);
			name = Frameworks;
			sourceTree = "<group>";
		};
		61A64A6E15658F540009D34D /* Cinegram-iOS */ = {
			isa = PBXGroup;
			children = (
				61A64AAE15659F640009D34D /* Resources */,
				61A64AA715659E8B0009D34D /* Storyboards */,
				61A64AA915659E8B0009D34D /* View Controllers */,
				61A64A7715658F540009D34D /* AppDelegate.h */,
				61A64A7815658F540009D34D /* AppDelegate.m */,
				61A64A6F15658F540009D34D /* Supporting Files */,
			);
			path = "Cinegram-iOS";
			sourceTree = "<group>";
		};
		61A64A6F15658F540009D34D /* Supporting Files */ = {
			isa = PBXGroup;
			children = (
				61A64A7015658F540009D34D /* Cinegram-iOS-Info.plist */,
				61A64A7115658F540009D34D /* InfoPlist.strings */,
				61A64A7415658F540009D34D /* main.m */,
				61A64A7615658F540009D34D /* Cinegram-iOS-Prefix.pch */,
			);
			name = "Supporting Files";
			sourceTree = "<group>";
		};
		61A64A8C15658F540009D34D /* Cinegram-iOSTests */ = {
			isa = PBXGroup;
			children = (
				61A64A9215658F540009D34D /* Cinegram_iOSTests.h */,
				61A64A9315658F540009D34D /* Cinegram_iOSTests.m */,
				61A64A8D15658F540009D34D /* Supporting Files */,
			);
			path = "Cinegram-iOSTests";
			sourceTree = "<group>";
		};
		61A64A8D15658F540009D34D /* Supporting Files */ = {
			isa = PBXGroup;
			children = (
				61A64A8E15658F540009D34D /* Cinegram-iOSTests-Info.plist */,
				61A64A8F15658F540009D34D /* InfoPlist.strings */,
			);
			name = "Supporting Files";
			sourceTree = "<group>";
		};
		61A64AA715659E8B0009D34D /* Storyboards */ = {
			isa = PBXGroup;
			children = (
				61A64AA815659E8B0009D34D /* MainStoryboard.storyboard */,
			);
			path = Storyboards;
			sourceTree = "<group>";
		};
		61A64AA915659E8B0009D34D /* View Controllers */ = {
			isa = PBXGroup;
			children = (
				619D30E61568635700225366 /* Custom Cells */,
				619D2FD11568366900225366 /* Intro */,
				619D2FD21568367500225366 /* Home */,
				61EFC7CD15667F2A00412578 /* MyVideosTab.h */,
				61EFC7CE15667F2A00412578 /* MyVideosTab.m */,
				61EFC7C915667CE700412578 /* CameraTab.h */,
				61EFC7CA15667CE700412578 /* CameraTab.m */,
				61EFC7D015667F3900412578 /* CinegramTab.h */,
				61EFC7D115667F3900412578 /* CinegramTab.m */,
				61EFC7D315667F4300412578 /* SettingsTab.h */,
				61EFC7D415667F4300412578 /* SettingsTab.m */,
			);
			path = "View Controllers";
			sourceTree = "<group>";
		};
		61A64AAE15659F640009D34D /* Resources */ = {
			isa = PBXGroup;
			children = (
				619D2F651567C5CC00225366 /* System Configuration */,
				61A64AAF15659F640009D34D /* Images */,
			);
			path = Resources;
			sourceTree = "<group>";
		};
		61A64AAF15659F640009D34D /* Images */ = {
			isa = PBXGroup;
			children = (
				61A03DE0156A6E870093BF89 /* Log In */,
				619D2FE01568463D00225366 /* About */,
				619D2FE31568463D00225366 /* Settings */,
				619D2FDB156845D600225366 /* My Videos */,
				61A64AC41565AB200009D34D /* Home */,
				61A64AB015659F640009D34D /* Generic */,
			);
			path = Images;
			sourceTree = "<group>";
		};
		61A64AB015659F640009D34D /* Generic */ = {
			isa = PBXGroup;
			children = (
				61FB560D15696A590065A636 /* Videos */,
				61FB5603156913D00065A636 /* Profile */,
				619D30D51568620600225366 /* Share */,
				619D2FCD15682A0D00225366 /* ge_arrow.png */,
				619D2FCE15682A0D00225366 /* ge_arrow@2x.png */,
				619D2FC9156829B500225366 /* ge_pullBG.png */,
				619D2FCA156829B500225366 /* ge_pullBG@2x.png */,
				619D2FB01567FFF700225366 /* Segmented Control */,
				61EFC7DD1566A45000412578 /* Tab Bar */,
				61A64AC91565AD9E0009D34D /* ge_navBar.png */,
				61A64ACA1565AD9E0009D34D /* ge_navBar@2x.png */,
				61A64AB115659F640009D34D /* ge_background.png */,
				61A64AB215659F640009D34D /* ge_background@2x.png */,
				61B6CC871565AF9D0077AA76 /* ge_tabBarBG.png */,
				61B6CC881565AF9D0077AA76 /* ge_tabBarBG@2x.png */,
				619D2FD31568372E00225366 /* ge_topShaddow.png */,
				619D2FD41568372E00225366 /* ge_topShaddow@2x.png */,
			);
			path = Generic;
			sourceTree = "<group>";
		};
		61A64AC41565AB200009D34D /* Home */ = {
			isa = PBXGroup;
			children = (
				619ED799156AF7D000CDC3C8 /* hm_viewProfile.png */,
				619ED79A156AF7D000CDC3C8 /* hm_viewProfile@2x.png */,
				619ED795156AF78800CDC3C8 /* hm_favsCount.png */,
				619ED796156AF78800CDC3C8 /* hm_favsCount@2x.png */,
				619ED791156AF76000CDC3C8 /* hm_viewsCount.png */,
				619ED792156AF76000CDC3C8 /* hm_viewsCount@2x.png */,
				619ED78D156AEFE700CDC3C8 /* hm_commentButton.png */,
				619ED78E156AEFE700CDC3C8 /* hm_commentButton@2x.png */,
				619ED788156AEF0500CDC3C8 /* hm_likeButton.png */,
				619ED789156AEF0500CDC3C8 /* hm_likeButton@2x.png */,
				61A64AC51565AB200009D34D /* hm_navBar.png */,
				61A64AC61565AB200009D34D /* hm_navBar@2x.png */,
				61A64ACD1565AE410009D34D /* hm_navBarLogo.png */,
				61A64ACE1565AE410009D34D /* hm_navBarLogo@2x.png */,
			);
			path = Home;
			sourceTree = "<group>";
		};
		61EFC7DD1566A45000412578 /* Tab Bar */ = {
			isa = PBXGroup;
			children = (
				61EFC7F21566A48100412578 /* tb_1_down.png */,
				61EFC7F31566A48100412578 /* tb_1_down@2x.png */,
				61EFC7F41566A48100412578 /* tb_1_up.png */,
				61EFC7F51566A48100412578 /* tb_1_up@2x.png */,
				61EFC7F61566A48100412578 /* tb_2_down.png */,
				61EFC7F71566A48100412578 /* tb_2_down@2x.png */,
				61EFC7F81566A48100412578 /* tb_2_up.png */,
				61EFC7F91566A48100412578 /* tb_2_up@2x.png */,
				61EFC7FA1566A48100412578 /* tb_3_down.png */,
				61EFC7FB1566A48100412578 /* tb_3_down@2x.png */,
				61EFC7FC1566A48100412578 /* tb_3_up.png */,
				61EFC7FD1566A48100412578 /* tb_3_up@2x.png */,
				61EFC7FE1566A48100412578 /* tb_4_down.png */,
				61EFC7FF1566A48100412578 /* tb_4_down@2x.png */,
				61EFC8001566A48100412578 /* tb_4_up.png */,
				61EFC8011566A48100412578 /* tb_4_up@2x.png */,
				61EFC8021566A48100412578 /* tb_5_down.png */,
				61EFC8031566A48100412578 /* tb_5_down@2x.png */,
				61EFC8041566A48100412578 /* tb_5_up.png */,
				61EFC8051566A48100412578 /* tb_5_up@2x.png */,
			);
			path = "Tab Bar";
			sourceTree = "<group>";
		};
		61FB5603156913D00065A636 /* Profile */ = {
			isa = PBXGroup;
			children = (
				61FB5604156913D00065A636 /* pr_userIcon.png */,
				61FB5605156913D00065A636 /* pr_userIcon@2x.png */,
			);
			path = Profile;
			sourceTree = "<group>";
		};
		61FB560D15696A590065A636 /* Videos */ = {
			isa = PBXGroup;
			children = (
				619ED7A5156B052E00CDC3C8 /* vd_sampleVideo.png */,
				619ED7A6156B052E00CDC3C8 /* vd_sampleVideo@2x.png */,
				619ED79D156B016E00CDC3C8 /* vd_playButton.png */,
				619ED79E156B016E00CDC3C8 /* vd_playButton@2x.png */,
				619ED79F156B016E00CDC3C8 /* vd_videoOverlay.png */,
				619ED7A0156B016E00CDC3C8 /* vd_videoOverlay@2x.png */,
				61FB560E15696A590065A636 /* vd_videoBackground.png */,
				61FB560F15696A590065A636 /* vd_videoBackground@2x.png */,
			);
			path = Videos;
			sourceTree = "<group>";
		};
/* End PBXGroup section */

/* Begin PBXNativeTarget section */
		61A64A6315658F530009D34D /* Cinegram-iOS */ = {
			isa = PBXNativeTarget;
			buildConfigurationList = 61A64A9715658F540009D34D /* Build configuration list for PBXNativeTarget "Cinegram-iOS" */;
			buildPhases = (
				61A64A6015658F530009D34D /* Sources */,
				61A64A6115658F530009D34D /* Frameworks */,
				61A64A6215658F530009D34D /* Resources */,
			);
			buildRules = (
			);
			dependencies = (
			);
			name = "Cinegram-iOS";
			productName = "Cinegram-iOS";
			productReference = 61A64A6415658F530009D34D /* Cinegram-iOS.app */;
			productType = "com.apple.product-type.application";
		};
		61A64A8415658F540009D34D /* Cinegram-iOSTests */ = {
			isa = PBXNativeTarget;
			buildConfigurationList = 61A64A9A15658F540009D34D /* Build configuration list for PBXNativeTarget "Cinegram-iOSTests" */;
			buildPhases = (
				61A64A8015658F540009D34D /* Sources */,
				61A64A8115658F540009D34D /* Frameworks */,
				61A64A8215658F540009D34D /* Resources */,
				61A64A8315658F540009D34D /* ShellScript */,
			);
			buildRules = (
			);
			dependencies = (
				61A64A8B15658F540009D34D /* PBXTargetDependency */,
			);
			name = "Cinegram-iOSTests";
			productName = "Cinegram-iOSTests";
			productReference = 61A64A8515658F540009D34D /* Cinegram-iOSTests.octest */;
			productType = "com.apple.product-type.bundle";
		};
/* End PBXNativeTarget section */

/* Begin PBXProject section */
		61A64A5B15658F530009D34D /* Project object */ = {
			isa = PBXProject;
			attributes = {
				LastUpgradeCheck = 0430;
				ORGANIZATIONNAME = Me;
			};
			buildConfigurationList = 61A64A5E15658F530009D34D /* Build configuration list for PBXProject "Cinegram-iOS" */;
			compatibilityVersion = "Xcode 3.2";
			developmentRegion = English;
			hasScannedForEncodings = 0;
			knownRegions = (
				en,
				de,
			);
			mainGroup = 61A64A5915658F530009D34D;
			productRefGroup = 61A64A6515658F530009D34D /* Products */;
			projectDirPath = "";
			projectRoot = "";
			targets = (
				61A64A6315658F530009D34D /* Cinegram-iOS */,
				61A64A8415658F540009D34D /* Cinegram-iOSTests */,
			);
		};
/* End PBXProject section */

/* Begin PBXResourcesBuildPhase section */
		61A64A6215658F530009D34D /* Resources */ = {
			isa = PBXResourcesBuildPhase;
			buildActionMask = 2147483647;
			files = (
				61A64A7315658F540009D34D /* InfoPlist.strings in Resources */,
				61A64A9F15658FC10009D34D /* Icon.png in Resources */,
				61A64AA015658FC10009D34D /* Icon@2x.png in Resources */,
				61A64AA31565950F0009D34D /* Default.png in Resources */,
				61A64AA41565950F0009D34D /* Default@2x.png in Resources */,
				61A64AAA15659E8B0009D34D /* MainStoryboard.storyboard in Resources */,
				61A64AB315659F640009D34D /* ge_background.png in Resources */,
				61A64AB415659F640009D34D /* ge_background@2x.png in Resources */,
				61A64AC71565AB200009D34D /* hm_navBar.png in Resources */,
				61A64AC81565AB200009D34D /* hm_navBar@2x.png in Resources */,
				61A64ACB1565AD9E0009D34D /* ge_navBar.png in Resources */,
				61A64ACC1565AD9E0009D34D /* ge_navBar@2x.png in Resources */,
				61A64ACF1565AE410009D34D /* hm_navBarLogo.png in Resources */,
				61A64AD01565AE410009D34D /* hm_navBarLogo@2x.png in Resources */,
				61B6CC891565AF9D0077AA76 /* ge_tabBarBG.png in Resources */,
				61B6CC8A1565AF9D0077AA76 /* ge_tabBarBG@2x.png in Resources */,
				61EFC8061566A48100412578 /* tb_1_down.png in Resources */,
				61EFC8071566A48100412578 /* tb_1_down@2x.png in Resources */,
				61EFC8081566A48100412578 /* tb_1_up.png in Resources */,
				61EFC8091566A48100412578 /* tb_1_up@2x.png in Resources */,
				61EFC80A1566A48100412578 /* tb_2_down.png in Resources */,
				61EFC80B1566A48100412578 /* tb_2_down@2x.png in Resources */,
				61EFC80C1566A48100412578 /* tb_2_up.png in Resources */,
				61EFC80D1566A48100412578 /* tb_2_up@2x.png in Resources */,
				61EFC80E1566A48100412578 /* tb_3_down.png in Resources */,
				61EFC80F1566A48100412578 /* tb_3_down@2x.png in Resources */,
				61EFC8101566A48100412578 /* tb_3_up.png in Resources */,
				61EFC8111566A48100412578 /* tb_3_up@2x.png in Resources */,
				61EFC8121566A48100412578 /* tb_4_down.png in Resources */,
				61EFC8131566A48100412578 /* tb_4_down@2x.png in Resources */,
				61EFC8141566A48100412578 /* tb_4_up.png in Resources */,
				61EFC8151566A48100412578 /* tb_4_up@2x.png in Resources */,
				61EFC8161566A48100412578 /* tb_5_down.png in Resources */,
				61EFC8171566A48100412578 /* tb_5_down@2x.png in Resources */,
				61EFC8181566A48100412578 /* tb_5_up.png in Resources */,
				61EFC8191566A48100412578 /* tb_5_up@2x.png in Resources */,
				619D2FC11568237100225366 /* sg_seg1_down.png in Resources */,
				619D2FC21568237100225366 /* sg_seg1_down@2x.png in Resources */,
				619D2FC31568237100225366 /* sg_seg1_up.png in Resources */,
				619D2FC41568237100225366 /* sg_seg1_up@2x.png in Resources */,
				619D2FC51568237100225366 /* sg_seg2_down.png in Resources */,
				619D2FC61568237100225366 /* sg_seg2_down@2x.png in Resources */,
				619D2FC71568237100225366 /* sg_seg2_up.png in Resources */,
				619D2FC81568237100225366 /* sg_seg2_up@2x.png in Resources */,
				619D2FCB156829B500225366 /* ge_pullBG.png in Resources */,
				619D2FCC156829B500225366 /* ge_pullBG@2x.png in Resources */,
				619D2FCF15682A0D00225366 /* ge_arrow.png in Resources */,
				619D2FD015682A0D00225366 /* ge_arrow@2x.png in Resources */,
				619D2FD51568372E00225366 /* ge_topShaddow.png in Resources */,
				619D2FD61568372E00225366 /* ge_topShaddow@2x.png in Resources */,
				619D2FDE156845D600225366 /* my_navBarLogo.png in Resources */,
				619D2FDF156845D600225366 /* my_navBarLogo@2x.png in Resources */,
				619D2FE61568463D00225366 /* ab_navBarLogo.png in Resources */,
				619D2FE71568463D00225366 /* ab_navBarLogo@2x.png in Resources */,
				619D2FE81568463D00225366 /* se_navBarLogo.png in Resources */,
				619D2FE91568463D00225366 /* se_navBarLogo@2x.png in Resources */,
				619D30DE1568620600225366 /* sh_BG.png in Resources */,
				619D30DF1568620600225366 /* sh_BG@2x.png in Resources */,
				619D30E01568620600225366 /* sh_mail.png in Resources */,
				619D30E11568620600225366 /* sh_mail@2x.png in Resources */,
				619D30E21568620600225366 /* sh_star.png in Resources */,
				619D30E31568620600225366 /* sh_star@2x.png in Resources */,
				619D30E41568620600225366 /* sh_twitter.png in Resources */,
				619D30E51568620600225366 /* sh_twitter@2x.png in Resources */,
				61FB5606156913D00065A636 /* pr_userIcon.png in Resources */,
				61FB5607156913D00065A636 /* pr_userIcon@2x.png in Resources */,
				61FB561015696A590065A636 /* vd_videoBackground.png in Resources */,
				61FB561115696A590065A636 /* vd_videoBackground@2x.png in Resources */,
				61A03DE3156A6E870093BF89 /* lg_background.png in Resources */,
				61A03DE4156A6E870093BF89 /* lg_background@2x.png in Resources */,
				61A03DEE156A78A00093BF89 /* lg_logIn.png in Resources */,
				61A03DEF156A78A00093BF89 /* lg_logIn@2x.png in Resources */,
				61A03DF0156A78A00093BF89 /* lg_register.png in Resources */,
				61A03DF1156A78A00093BF89 /* lg_register@2x.png in Resources */,
				61A03DF7156A7DD80093BF89 /* lg_backgroundClear.png in Resources */,
				61A03DF8156A7DD80093BF89 /* lg_backgroundClear@2x.png in Resources */,
				61A03DFB156A7F790093BF89 /* lg_form.png in Resources */,
				61A03DFC156A7F790093BF89 /* lg_form@2x.png in Resources */,
				61A03DFF156A82BD0093BF89 /* lg_close.png in Resources */,
				61A03E00156A82BD0093BF89 /* lg_close@2x.png in Resources */,
				61A03E03156A8C5E0093BF89 /* lg_failedLogIn.png in Resources */,
				61A03E04156A8C5E0093BF89 /* lg_failedLogIn@2x.png in Resources */,
				61A03E07156A95D60093BF89 /* lg_loading.png in Resources */,
				61A03E08156A95D60093BF89 /* lg_loading@2x.png in Resources */,
				619ED78A156AEF0500CDC3C8 /* hm_likeButton.png in Resources */,
				619ED78B156AEF0500CDC3C8 /* hm_likeButton@2x.png in Resources */,
				619ED78F156AEFE700CDC3C8 /* hm_commentButton.png in Resources */,
				619ED790156AEFE700CDC3C8 /* hm_commentButton@2x.png in Resources */,
				619ED793156AF76000CDC3C8 /* hm_viewsCount.png in Resources */,
				619ED794156AF76000CDC3C8 /* hm_viewsCount@2x.png in Resources */,
				619ED797156AF78800CDC3C8 /* hm_favsCount.png in Resources */,
				619ED798156AF78800CDC3C8 /* hm_favsCount@2x.png in Resources */,
				619ED79B156AF7D000CDC3C8 /* hm_viewProfile.png in Resources */,
				619ED79C156AF7D000CDC3C8 /* hm_viewProfile@2x.png in Resources */,
				619ED7A1156B016E00CDC3C8 /* vd_playButton.png in Resources */,
				619ED7A2156B016E00CDC3C8 /* vd_playButton@2x.png in Resources */,
				619ED7A3156B016E00CDC3C8 /* vd_videoOverlay.png in Resources */,
				619ED7A4156B016E00CDC3C8 /* vd_videoOverlay@2x.png in Resources */,
				619ED7A7156B052E00CDC3C8 /* vd_sampleVideo.png in Resources */,
				619ED7A8156B052E00CDC3C8 /* vd_sampleVideo@2x.png in Resources */,
			);
			runOnlyForDeploymentPostprocessing = 0;
		};
		61A64A8215658F540009D34D /* Resources */ = {
			isa = PBXResourcesBuildPhase;
			buildActionMask = 2147483647;
			files = (
				61A64A9115658F540009D34D /* InfoPlist.strings in Resources */,
			);
			runOnlyForDeploymentPostprocessing = 0;
		};
/* End PBXResourcesBuildPhase section */

/* Begin PBXShellScriptBuildPhase section */
		61A64A8315658F540009D34D /* ShellScript */ = {
			isa = PBXShellScriptBuildPhase;
			buildActionMask = 2147483647;
			files = (
			);
			inputPaths = (
			);
			outputPaths = (
			);
			runOnlyForDeploymentPostprocessing = 0;
			shellPath = /bin/sh;
			shellScript = "# Run the unit tests in this test bundle.\n\"${SYSTEM_DEVELOPER_DIR}/Tools/RunUnitTests\"\n";
		};
/* End PBXShellScriptBuildPhase section */

/* Begin PBXSourcesBuildPhase section */
		61A64A6015658F530009D34D /* Sources */ = {
			isa = PBXSourcesBuildPhase;
			buildActionMask = 2147483647;
			files = (
				61FB560C15694E920065A636 /* PullRefreshTableViewController.m in Sources */,
				61A64A7515658F540009D34D /* main.m in Sources */,
				61A64A7915658F540009D34D /* AppDelegate.m in Sources */,
				61A64AAD15659ECE0009D34D /* IntroCheck.m in Sources */,
				61A64ABB15659FBF0009D34D /* HomeTab.m in Sources */,
				61EFC7CB15667CE800412578 /* CameraTab.m in Sources */,
				61EFC7CF15667F2A00412578 /* MyVideosTab.m in Sources */,
				61EFC7D215667F3900412578 /* CinegramTab.m in Sources */,
				61EFC7D515667F4300412578 /* SettingsTab.m in Sources */,
				61EFC7DC156684B600412578 /* IntroLogIn.m in Sources */,
				619D2F8A1567C5CC00225366 /* Reachability.m in Sources */,
				619D30E91568638300225366 /* HomeTableCell.m in Sources */,
				61A03DF4156A7CA80093BF89 /* IntroLogInProcess.m in Sources */,
			);
			runOnlyForDeploymentPostprocessing = 0;
		};
		61A64A8015658F540009D34D /* Sources */ = {
			isa = PBXSourcesBuildPhase;
			buildActionMask = 2147483647;
			files = (
				61A64A9415658F540009D34D /* Cinegram_iOSTests.m in Sources */,
				61FB560B15694E520065A636 /* PullRefreshTableViewController.m in Sources */,
			);
			runOnlyForDeploymentPostprocessing = 0;
		};
/* End PBXSourcesBuildPhase section */

/* Begin PBXTargetDependency section */
		61A64A8B15658F540009D34D /* PBXTargetDependency */ = {
			isa = PBXTargetDependency;
			target = 61A64A6315658F530009D34D /* Cinegram-iOS */;
			targetProxy = 61A64A8A15658F540009D34D /* PBXContainerItemProxy */;
		};
/* End PBXTargetDependency section */

/* Begin PBXVariantGroup section */
		61A64A7115658F540009D34D /* InfoPlist.strings */ = {
			isa = PBXVariantGroup;
			children = (
				61A64A7215658F540009D34D /* en */,
			);
			name = InfoPlist.strings;
			sourceTree = "<group>";
		};
		61A64A8F15658F540009D34D /* InfoPlist.strings */ = {
			isa = PBXVariantGroup;
			children = (
				61A64A9015658F540009D34D /* en */,
			);
			name = InfoPlist.strings;
			sourceTree = "<group>";
		};
/* End PBXVariantGroup section */

/* Begin XCBuildConfiguration section */
		61A64A9515658F540009D34D /* Debug */ = {
			isa = XCBuildConfiguration;
			buildSettings = {
				ALWAYS_SEARCH_USER_PATHS = NO;
				ARCHS = "$(ARCHS_STANDARD_32_BIT)";
				CLANG_ENABLE_OBJC_ARC = YES;
				"CODE_SIGN_IDENTITY[sdk=iphoneos*]" = "iPhone Developer";
				COPY_PHASE_STRIP = NO;
				GCC_C_LANGUAGE_STANDARD = gnu99;
				GCC_DYNAMIC_NO_PIC = NO;
				GCC_OPTIMIZATION_LEVEL = 0;
				GCC_PREPROCESSOR_DEFINITIONS = (
					"DEBUG=1",
					"$(inherited)",
				);
				GCC_SYMBOLS_PRIVATE_EXTERN = NO;
				GCC_VERSION = com.apple.compilers.llvm.clang.1_0;
				GCC_WARN_ABOUT_RETURN_TYPE = YES;
				GCC_WARN_UNINITIALIZED_AUTOS = YES;
				GCC_WARN_UNUSED_VARIABLE = YES;
				IPHONEOS_DEPLOYMENT_TARGET = 5.1;
				SDKROOT = iphoneos;
			};
			name = Debug;
		};
		61A64A9615658F540009D34D /* Release */ = {
			isa = XCBuildConfiguration;
			buildSettings = {
				ALWAYS_SEARCH_USER_PATHS = NO;
				ARCHS = "$(ARCHS_STANDARD_32_BIT)";
				CLANG_ENABLE_OBJC_ARC = YES;
				"CODE_SIGN_IDENTITY[sdk=iphoneos*]" = "iPhone Developer";
				COPY_PHASE_STRIP = YES;
				GCC_C_LANGUAGE_STANDARD = gnu99;
				GCC_VERSION = com.apple.compilers.llvm.clang.1_0;
				GCC_WARN_ABOUT_RETURN_TYPE = YES;
				GCC_WARN_UNINITIALIZED_AUTOS = YES;
				GCC_WARN_UNUSED_VARIABLE = YES;
				IPHONEOS_DEPLOYMENT_TARGET = 5.1;
				OTHER_CFLAGS = "-DNS_BLOCK_ASSERTIONS=1";
				SDKROOT = iphoneos;
				VALIDATE_PRODUCT = YES;
			};
			name = Release;
		};
		61A64A9815658F540009D34D /* Debug */ = {
			isa = XCBuildConfiguration;
			buildSettings = {
				FRAMEWORK_SEARCH_PATHS = (
					"$(inherited)",
					"\"$(SYSTEM_APPS_DIR)/Xcode.app/Contents/Developer/Library/Frameworks\"",
				);
				GCC_PRECOMPILE_PREFIX_HEADER = YES;
				GCC_PREFIX_HEADER = "Cinegram-iOS/Cinegram-iOS-Prefix.pch";
				INFOPLIST_FILE = "Cinegram-iOS/Cinegram-iOS-Info.plist";
				PRODUCT_NAME = "$(TARGET_NAME)";
				VALID_ARCHS = "armv6 armv7 i386";
				WRAPPER_EXTENSION = app;
			};
			name = Debug;
		};
		61A64A9915658F540009D34D /* Release */ = {
			isa = XCBuildConfiguration;
			buildSettings = {
				FRAMEWORK_SEARCH_PATHS = (
					"$(inherited)",
					"\"$(SYSTEM_APPS_DIR)/Xcode.app/Contents/Developer/Library/Frameworks\"",
				);
				GCC_PRECOMPILE_PREFIX_HEADER = YES;
				GCC_PREFIX_HEADER = "Cinegram-iOS/Cinegram-iOS-Prefix.pch";
				INFOPLIST_FILE = "Cinegram-iOS/Cinegram-iOS-Info.plist";
				PRODUCT_NAME = "$(TARGET_NAME)";
				VALID_ARCHS = "armv6 armv7 i386";
				WRAPPER_EXTENSION = app;
			};
			name = Release;
		};
		61A64A9B15658F540009D34D /* Debug */ = {
			isa = XCBuildConfiguration;
			buildSettings = {
				BUNDLE_LOADER = "$(BUILT_PRODUCTS_DIR)/Cinegram-iOS.app/Cinegram-iOS";
				FRAMEWORK_SEARCH_PATHS = (
					"$(SDKROOT)/Developer/Library/Frameworks",
					"$(DEVELOPER_LIBRARY_DIR)/Frameworks",
				);
				GCC_PRECOMPILE_PREFIX_HEADER = YES;
				GCC_PREFIX_HEADER = "Cinegram-iOS/Cinegram-iOS-Prefix.pch";
				INFOPLIST_FILE = "Cinegram-iOSTests/Cinegram-iOSTests-Info.plist";
				PRODUCT_NAME = "$(TARGET_NAME)";
				TEST_HOST = "$(BUNDLE_LOADER)";
				WRAPPER_EXTENSION = octest;
			};
			name = Debug;
		};
		61A64A9C15658F540009D34D /* Release */ = {
			isa = XCBuildConfiguration;
			buildSettings = {
				BUNDLE_LOADER = "$(BUILT_PRODUCTS_DIR)/Cinegram-iOS.app/Cinegram-iOS";
				FRAMEWORK_SEARCH_PATHS = (
					"$(SDKROOT)/Developer/Library/Frameworks",
					"$(DEVELOPER_LIBRARY_DIR)/Frameworks",
				);
				GCC_PRECOMPILE_PREFIX_HEADER = YES;
				GCC_PREFIX_HEADER = "Cinegram-iOS/Cinegram-iOS-Prefix.pch";
				INFOPLIST_FILE = "Cinegram-iOSTests/Cinegram-iOSTests-Info.plist";
				PRODUCT_NAME = "$(TARGET_NAME)";
				TEST_HOST = "$(BUNDLE_LOADER)";
				WRAPPER_EXTENSION = octest;
			};
			name = Release;
		};
/* End XCBuildConfiguration section */

/* Begin XCConfigurationList section */
		61A64A5E15658F530009D34D /* Build configuration list for PBXProject "Cinegram-iOS" */ = {
			isa = XCConfigurationList;
			buildConfigurations = (
				61A64A9515658F540009D34D /* Debug */,
				61A64A9615658F540009D34D /* Release */,
			);
			defaultConfigurationIsVisible = 0;
			defaultConfigurationName = Release;
		};
		61A64A9715658F540009D34D /* Build configuration list for PBXNativeTarget "Cinegram-iOS" */ = {
			isa = XCConfigurationList;
			buildConfigurations = (
				61A64A9815658F540009D34D /* Debug */,
				61A64A9915658F540009D34D /* Release */,
			);
			defaultConfigurationIsVisible = 0;
			defaultConfigurationName = Release;
		};
		61A64A9A15658F540009D34D /* Build configuration list for PBXNativeTarget "Cinegram-iOSTests" */ = {
			isa = XCConfigurationList;
			buildConfigurations = (
				61A64A9B15658F540009D34D /* Debug */,
				61A64A9C15658F540009D34D /* Release */,
			);
			defaultConfigurationIsVisible = 0;
			defaultConfigurationName = Release;
		};
/* End XCConfigurationList section */
	};
	rootObject = 61A64A5B15658F530009D34D /* Project object */;
}
